{
  "name": "ramda-example",
  "version": "1.0.0",
  "lockfileVersion": 1,
  "requires": true,
  "dependencies": {
    "concurrify": {
      "version": "1.1.1",
      "resolved": "https://registry.npmjs.org/concurrify/-/concurrify-1.1.1.tgz",
      "integrity": "sha512-m2UMqZAJ7Ys4Juu0IaToa/RbVuu5jR8dGVrwUOeQtfJjX0KDimUdPZ20tVrdSuqJwLaFbpI+lWxOmZSYxyCvmQ==",
      "requires": {
        "sanctuary-show": "^1.0.0",
        "sanctuary-type-identifiers": "^2.0.0"
      }
    },
    "daggy": {
      "version": "0.0.1",
      "resolved": "http://registry.npmjs.org/daggy/-/daggy-0.0.1.tgz",
      "integrity": "sha1-rpyTLJ9xNuZVoEr7Iei6rf0NNwc="
    },
    "denque": {
      "version": "1.3.0",
      "resolved": "https://registry.npmjs.org/denque/-/denque-1.3.0.tgz",
      "integrity": "sha512-4SRaSj+PqmrS1soW5/Avd7eJIM2JJIqLLmwhRqIGleZM/8KwZq80njbSS2Iqas+6oARkSkLDHEk4mm78q3JlIg=="
    },
    "fantasy-combinators": {
      "version": "0.0.1",
      "resolved": "https://registry.npmjs.org/fantasy-combinators/-/fantasy-combinators-0.0.1.tgz",
      "integrity": "sha1-0YOIrtlL55CsQGkDH16gGDReM6E="
    },
    "fantasy-land": {
      "version": "3.5.0",
      "resolved": "https://registry.npmjs.org/fantasy-land/-/fantasy-land-3.5.0.tgz",
      "integrity": "sha512-ou7BCdUNzcyXfwI10mDBeYUCH/UbE7xjeeRizMLnjZkDJbw/Hvg1iNEl7NhNfcGxZO+cCyX3/ma3vamhwecqhw==",
      "requires": {
        "daggy": "0.0.x",
        "fantasy-combinators": "0.0.x"
      }
    },
    "fluture": {
      "version": "10.1.0",
      "resolved": "https://registry.npmjs.org/fluture/-/fluture-10.1.0.tgz",
      "integrity": "sha512-rD3azDTSG49CMYOvMmsPmfhOrBHc/REYmx9S0koloMxKSFWQS7zvIB9W3bMHw71RN7F1XD460QQGe09U2WtpJw==",
      "requires": {
        "concurrify": "^1.1.1",
        "denque": "^1.1.1",
        "sanctuary-show": "^1.0.0",
        "sanctuary-type-identifiers": "^2.0.0"
      }
    },
    "folktale": {
      "version": "2.3.1",
      "resolved": "https://registry.npmjs.org/folktale/-/folktale-2.3.1.tgz",
      "integrity": "sha512-x16IvpoFrLxOYbAC4G/ban4eWOGoREcrfaVSiTsDknrRYHMe+W4XUekCYA6w4YyjQpcL8nsNt4A5EUUKjFSpRg=="
    },
    "ramda": {
      "version": "0.25.0",
      "resolved": "https://registry.npmjs.org/ramda/-/ramda-0.25.0.tgz",
      "integrity": "sha512-GXpfrYVPwx3K7RQ6aYT8KPS8XViSXUVJT1ONhoKPE9VAleW42YE+U+8VEyGWt41EnEQW7gwecYJriTI0pKoecQ=="
    },
    "ramda-fantasy": {
      "version": "0.8.0",
      "resolved": "https://registry.npmjs.org/ramda-fantasy/-/ramda-fantasy-0.8.0.tgz",
      "integrity": "sha1-now32T7ApweWz8EIc92cUIUDkPY=",
      "requires": {
        "ramda": ">=0.15.0"
      }
    },
    "sanctuary": {
      "version": "0.15.0",
      "resolved": "https://registry.npmjs.org/sanctuary/-/sanctuary-0.15.0.tgz",
      "integrity": "sha512-cyrFHazodEFlv6qVX/+qujO+jly2MXRMyNXR61jaqJG42JlCJnKpgQGvebYINaiRUbZ+P5Dr2Ai3Tg+vzNYCUw==",
      "requires": {
        "sanctuary-def": "0.18.1",
        "sanctuary-either": "1.0.0",
        "sanctuary-maybe": "1.0.0",
        "sanctuary-pair": "1.0.0",
        "sanctuary-show": "1.0.0",
        "sanctuary-type-classes": "9.0.0",
        "sanctuary-type-identifiers": "2.0.1"
      }
    },
    "sanctuary-def": {
      "version": "0.18.1",
      "resolved": "https://registry.npmjs.org/sanctuary-def/-/sanctuary-def-0.18.1.tgz",
      "integrity": "sha512-Ltu/gU5ZskRln8NI6YJru5JbpkcMe4XqFx5zJMZysTKPmOVkETys5eVvZmclNLzPNrOIPvqBGJtD/D2q9yvP/A==",
      "requires": {
        "sanctuary-either": "1.0.x",
        "sanctuary-show": "1.0.x",
        "sanctuary-type-classes": "9.0.x",
        "sanctuary-type-identifiers": "2.0.x"
      }
    },
    "sanctuary-either": {
      "version": "1.0.0",
      "resolved": "https://registry.npmjs.org/sanctuary-either/-/sanctuary-either-1.0.0.tgz",
      "integrity": "sha512-j4WAlwILU83wawXJQCSh5kVK27gxOykMuCfUfUOba/qUcFE+FxwHkt7lnHVYDjt7jG9SENe8bTQzPH/Zmhy3Ag==",
      "requires": {
        "sanctuary-show": "1.0.x",
        "sanctuary-type-classes": "9.0.0"
      }
    },
    "sanctuary-maybe": {
      "version": "1.0.0",
      "resolved": "https://registry.npmjs.org/sanctuary-maybe/-/sanctuary-maybe-1.0.0.tgz",
      "integrity": "sha512-4TUjIxznxTZ1dh8Zw4PRhaVkzY8KIZ4GGsOXBytOSV83MRRGkuz7wJHj3bfh2i9lOekbjf0Oal6v7IF6uDiYvg==",
      "requires": {
        "sanctuary-show": "1.0.x",
        "sanctuary-type-classes": "9.0.0"
      }
    },
    "sanctuary-pair": {
      "version": "1.0.0",
      "resolved": "https://registry.npmjs.org/sanctuary-pair/-/sanctuary-pair-1.0.0.tgz",
      "integrity": "sha512-fqXCO6boMLW7ZHrjc573u5maNdytIrNxeaotBBGrvbEVqiNeA6VH4eGARMLTCRdgOtW94aF5EUkBZCzvXLSujQ==",
      "requires": {
        "sanctuary-show": "1.0.x",
        "sanctuary-type-classes": "9.0.0"
      }
    },
    "sanctuary-show": {
      "version": "1.0.0",
      "resolved": "https://registry.npmjs.org/sanctuary-show/-/sanctuary-show-1.0.0.tgz",
      "integrity": "sha512-63UqNGr5M6wkzKp6eGc/Gy6JBIV2PbzPd3q88+0F9z0qydAQsCWJ+7e4oor39rEEwj2GkZMDEhqGuiMl9eEnYw=="
    },
    "sanctuary-type-classes": {
      "version": "9.0.0",
      "resolved": "https://registry.npmjs.org/sanctuary-type-classes/-/sanctuary-type-classes-9.0.0.tgz",
      "integrity": "sha512-rFW27f3D622kxKravpGU9OjWn66fnDjDjGPvoYo4hEoBg2ocypvp0R9cs0YovKL3jTO+PTceUBh5tYZ+l9ay3g==",
      "requires": {
        "sanctuary-type-identifiers": "1.0.x"
      },
      "dependencies": {
        "sanctuary-type-identifiers": {
          "version": "1.0.0",
          "resolved": "https://registry.npmjs.org/sanctuary-type-identifiers/-/sanctuary-type-identifiers-1.0.0.tgz",
          "integrity": "sha1-6PNZ8AbLXmJM+4RkYD/BFGCL3p8="
        }
      }
    },
    "sanctuary-type-identifiers": {
      "version": "2.0.1",
      "resolved": "https://registry.npmjs.org/sanctuary-type-identifiers/-/sanctuary-type-identifiers-2.0.1.tgz",
      "integrity": "sha1-/FJM9t2Szr/LsN2VCe/xkxWaIO0="
    }
  }
}
